// !$*UTF8*$!
{
	archiveVersion = 1;
	classes = {
	};
	objectVersion = 48;
	objects = {

/* Begin PBXBuildFile section */
		50F39A37200EA8BF00C3A62F /* AppDelegate.swift in Sources */ = {isa = PBXBuildFile; fileRef = 50F39A36200EA8BF00C3A62F /* AppDelegate.swift */; };
		50F39A3C200EA8BF00C3A62F /* Main.storyboard in Resources */ = {isa = PBXBuildFile; fileRef = 50F39A3A200EA8BF00C3A62F /* Main.storyboard */; };
		50F39A3E200EA8BF00C3A62F /* Assets.xcassets in Resources */ = {isa = PBXBuildFile; fileRef = 50F39A3D200EA8BF00C3A62F /* Assets.xcassets */; };
		50F39A41200EA8BF00C3A62F /* LaunchScreen.storyboard in Resources */ = {isa = PBXBuildFile; fileRef = 50F39A3F200EA8BF00C3A62F /* LaunchScreen.storyboard */; };
		50F39A73200EECF000C3A62F /* RepositoriesViewController.swift in Sources */ = {isa = PBXBuildFile; fileRef = 50F39A72200EECF000C3A62F /* RepositoriesViewController.swift */; };
		50F39A75200EEEED00C3A62F /* RepositorieCell.swift in Sources */ = {isa = PBXBuildFile; fileRef = 50F39A74200EEEED00C3A62F /* RepositorieCell.swift */; };
		50F39A77200EFDC300C3A62F /* PullRequestsViewController.swift in Sources */ = {isa = PBXBuildFile; fileRef = 50F39A76200EFDC300C3A62F /* PullRequestsViewController.swift */; };
		50F39A79200F00CB00C3A62F /* RoundedImage.swift in Sources */ = {isa = PBXBuildFile; fileRef = 50F39A78200F00CB00C3A62F /* RoundedImage.swift */; };
		50F39A7B200FA54F00C3A62F /* ApiUrl.swift in Sources */ = {isa = PBXBuildFile; fileRef = 50F39A7A200FA54F00C3A62F /* ApiUrl.swift */; };
		51906E2A2A990847904905A8 /* Pods_Desafio_Concrete_iOS.framework in Frameworks */ = {isa = PBXBuildFile; fileRef = D4F4C5709607D0C0D94DC675 /* Pods_Desafio_Concrete_iOS.framework */; };
/* End PBXBuildFile section */

/* Begin PBXFileReference section */
		50F39A33200EA8BF00C3A62F /* Desafio-Concrete-iOS.app */ = {isa = PBXFileReference; explicitFileType = wrapper.application; includeInIndex = 0; path = "Desafio-Concrete-iOS.app"; sourceTree = BUILT_PRODUCTS_DIR; };
		50F39A36200EA8BF00C3A62F /* AppDelegate.swift */ = {isa = PBXFileReference; lastKnownFileType = sourcecode.swift; path = AppDelegate.swift; sourceTree = "<group>"; };
		50F39A3B200EA8BF00C3A62F /* Base */ = {isa = PBXFileReference; lastKnownFileType = file.storyboard; name = Base; path = Base.lproj/Main.storyboard; sourceTree = "<group>"; };
		50F39A3D200EA8BF00C3A62F /* Assets.xcassets */ = {isa = PBXFileReference; lastKnownFileType = folder.assetcatalog; path = Assets.xcassets; sourceTree = "<group>"; };
		50F39A40200EA8BF00C3A62F /* Base */ = {isa = PBXFileReference; lastKnownFileType = file.storyboard; name = Base; path = Base.lproj/LaunchScreen.storyboard; sourceTree = "<group>"; };
		50F39A42200EA8C000C3A62F /* Info.plist */ = {isa = PBXFileReference; lastKnownFileType = text.plist.xml; path = Info.plist; sourceTree = "<group>"; };
		50F39A72200EECF000C3A62F /* RepositoriesViewController.swift */ = {isa = PBXFileReference; lastKnownFileType = sourcecode.swift; path = RepositoriesViewController.swift; sourceTree = "<group>"; };
		50F39A74200EEEED00C3A62F /* RepositorieCell.swift */ = {isa = PBXFileReference; lastKnownFileType = sourcecode.swift; path = RepositorieCell.swift; sourceTree = "<group>"; };
		50F39A76200EFDC300C3A62F /* PullRequestsViewController.swift */ = {isa = PBXFileReference; lastKnownFileType = sourcecode.swift; path = PullRequestsViewController.swift; sourceTree = "<group>"; };
		50F39A78200F00CB00C3A62F /* RoundedImage.swift */ = {isa = PBXFileReference; lastKnownFileType = sourcecode.swift; path = RoundedImage.swift; sourceTree = "<group>"; };
		50F39A7A200FA54F00C3A62F /* ApiUrl.swift */ = {isa = PBXFileReference; lastKnownFileType = sourcecode.swift; path = ApiUrl.swift; sourceTree = "<group>"; };
		6A689B056B232C25879A49C4 /* Pods-Desafio-Concrete-iOS.release.xcconfig */ = {isa = PBXFileReference; includeInIndex = 1; lastKnownFileType = text.xcconfig; name = "Pods-Desafio-Concrete-iOS.release.xcconfig"; path = "Pods/Target Support Files/Pods-Desafio-Concrete-iOS/Pods-Desafio-Concrete-iOS.release.xcconfig"; sourceTree = "<group>"; };
		826B8CC6FF8B6943B19B8E24 /* Pods-Desafio-Concrete-iOS.debug.xcconfig */ = {isa = PBXFileReference; includeInIndex = 1; lastKnownFileType = text.xcconfig; name = "Pods-Desafio-Concrete-iOS.debug.xcconfig"; path = "Pods/Target Support Files/Pods-Desafio-Concrete-iOS/Pods-Desafio-Concrete-iOS.debug.xcconfig"; sourceTree = "<group>"; };
		D4F4C5709607D0C0D94DC675 /* Pods_Desafio_Concrete_iOS.framework */ = {isa = PBXFileReference; explicitFileType = wrapper.framework; includeInIndex = 0; path = Pods_Desafio_Concrete_iOS.framework; sourceTree = BUILT_PRODUCTS_DIR; };
/* End PBXFileReference section */

/* Begin PBXFrameworksBuildPhase section */
		50F39A30200EA8BF00C3A62F /* Frameworks */ = {
			isa = PBXFrameworksBuildPhase;
			buildActionMask = 2147483647;
			files = (
				51906E2A2A990847904905A8 /* Pods_Desafio_Concrete_iOS.framework in Frameworks */,
			);
			runOnlyForDeploymentPostprocessing = 0;
		};
/* End PBXFrameworksBuildPhase section */

/* Begin PBXGroup section */
		50F39A2A200EA8BF00C3A62F = {
			isa = PBXGroup;
			children = (
				50F39A35200EA8BF00C3A62F /* Desafio-Concrete-iOS */,
				50F39A34200EA8BF00C3A62F /* Products */,
				773E2F83B21237832BE06AA7 /* Pods */,
				B47DB3BF941EDA2FEF1D2503 /* Frameworks */,
			);
			sourceTree = "<group>";
		};
		50F39A34200EA8BF00C3A62F /* Products */ = {
			isa = PBXGroup;
			children = (
				50F39A33200EA8BF00C3A62F /* Desafio-Concrete-iOS.app */,
			);
			name = Products;
			sourceTree = "<group>";
		};
		50F39A35200EA8BF00C3A62F /* Desafio-Concrete-iOS */ = {
			isa = PBXGroup;
			children = (
				50F39A42200EA8C000C3A62F /* Info.plist */,
				50F39A4B200EB43C00C3A62F /* SuportFiles */,
				50F39A4A200EB40300C3A62F /* Models */,
				50F39A49200EB3FA00C3A62F /* Views */,
				50F39A48200EB3EE00C3A62F /* Cotrollers */,
			);
			path = "Desafio-Concrete-iOS";
			sourceTree = "<group>";
		};
		50F39A48200EB3EE00C3A62F /* Cotrollers */ = {
			isa = PBXGroup;
			children = (
				50F39A72200EECF000C3A62F /* RepositoriesViewController.swift */,
				50F39A74200EEEED00C3A62F /* RepositorieCell.swift */,
				50F39A76200EFDC300C3A62F /* PullRequestsViewController.swift */,
			);
			path = Cotrollers;
			sourceTree = "<group>";
		};
		50F39A49200EB3FA00C3A62F /* Views */ = {
			isa = PBXGroup;
			children = (
				50F39A78200F00CB00C3A62F /* RoundedImage.swift */,
			);
			path = Views;
			sourceTree = "<group>";
		};
		50F39A4A200EB40300C3A62F /* Models */ = {
			isa = PBXGroup;
			children = (
				50F39A7A200FA54F00C3A62F /* ApiUrl.swift */,
			);
			path = Models;
			sourceTree = "<group>";
		};
		50F39A4B200EB43C00C3A62F /* SuportFiles */ = {
			isa = PBXGroup;
			children = (
				50F39A36200EA8BF00C3A62F /* AppDelegate.swift */,
				50F39A3A200EA8BF00C3A62F /* Main.storyboard */,
				50F39A3F200EA8BF00C3A62F /* LaunchScreen.storyboard */,
				50F39A3D200EA8BF00C3A62F /* Assets.xcassets */,
			);
			path = SuportFiles;
			sourceTree = "<group>";
		};
		773E2F83B21237832BE06AA7 /* Pods */ = {
			isa = PBXGroup;
			children = (
				826B8CC6FF8B6943B19B8E24 /* Pods-Desafio-Concrete-iOS.debug.xcconfig */,
				6A689B056B232C25879A49C4 /* Pods-Desafio-Concrete-iOS.release.xcconfig */,
			);
			name = Pods;
			sourceTree = "<group>";
		};
		B47DB3BF941EDA2FEF1D2503 /* Frameworks */ = {
			isa = PBXGroup;
			children = (
				D4F4C5709607D0C0D94DC675 /* Pods_Desafio_Concrete_iOS.framework */,
			);
			name = Frameworks;
			sourceTree = "<group>";
		};
/* End PBXGroup section */

/* Begin PBXNativeTarget section */
		50F39A32200EA8BF00C3A62F /* Desafio-Concrete-iOS */ = {
			isa = PBXNativeTarget;
			buildConfigurationList = 50F39A45200EA8C000C3A62F /* Build configuration list for PBXNativeTarget "Desafio-Concrete-iOS" */;
			buildPhases = (
				70C42D0849BA89C7A9328F01 /* [CP] Check Pods Manifest.lock */,
				50F39A2F200EA8BF00C3A62F /* Sources */,
				50F39A30200EA8BF00C3A62F /* Frameworks */,
				50F39A31200EA8BF00C3A62F /* Resources */,
				24E9FCA48D4F33FD7C1B27E6 /* [CP] Embed Pods Frameworks */,
				779050021D1D133EBCD79BEB /* [CP] Copy Pods Resources */,
			);
			buildRules = (
			);
			dependencies = (
			);
			name = "Desafio-Concrete-iOS";
			productName = "Desafio-Concrete-iOS";
			productReference = 50F39A33200EA8BF00C3A62F /* Desafio-Concrete-iOS.app */;
			productType = "com.apple.product-type.application";
		};
/* End PBXNativeTarget section */

/* Begin PBXProject section */
		50F39A2B200EA8BF00C3A62F /* Project object */ = {
			isa = PBXProject;
			attributes = {
				LastSwiftUpdateCheck = 0920;
				LastUpgradeCheck = 0920;
				ORGANIZATIONNAME = Everton;
				TargetAttributes = {
					50F39A32200EA8BF00C3A62F = {
						CreatedOnToolsVersion = 9.2;
						ProvisioningStyle = Automatic;
					};
				};
			};
			buildConfigurationList = 50F39A2E200EA8BF00C3A62F /* Build configuration list for PBXProject "Desafio-Concrete-iOS" */;
			compatibilityVersion = "Xcode 8.0";
			developmentRegion = en;
			hasScannedForEncodings = 0;
			knownRegions = (
				en,
				Base,
			);
			mainGroup = 50F39A2A200EA8BF00C3A62F;
			productRefGroup = 50F39A34200EA8BF00C3A62F /* Products */;
			projectDirPath = "";
			projectRoot = "";
			targets = (
				50F39A32200EA8BF00C3A62F /* Desafio-Concrete-iOS */,
			);
		};
/* End PBXProject section */

/* Begin PBXResourcesBuildPhase section */
		50F39A31200EA8BF00C3A62F /* Resources */ = {
			isa = PBXResourcesBuildPhase;
			buildActionMask = 2147483647;
			files = (
				50F39A41200EA8BF00C3A62F /* LaunchScreen.storyboard in Resources */,
				50F39A3E200EA8BF00C3A62F /* Assets.xcassets in Resources */,
				50F39A3C200EA8BF00C3A62F /* Main.storyboard in Resources */,
			);
			runOnlyForDeploymentPostprocessing = 0;
		};
/* End PBXResourcesBuildPhase section */

/* Begin PBXShellScriptBuildPhase section */
		24E9FCA48D4F33FD7C1B27E6 /* [CP] Embed Pods Frameworks */ = {
			isa = PBXShellScriptBuildPhase;
			buildActionMask = 2147483647;
			files = (
			);
			inputPaths = (
			);
			name = "[CP] Embed Pods Frameworks";
			outputPaths = (
			);
			runOnlyForDeploymentPostprocessing = 0;
			shellPath = /bin/sh;
			shellScript = "\"${SRCROOT}/Pods/Target Support Files/Pods-Desafio-Concrete-iOS/Pods-Desafio-Concrete-iOS-frameworks.sh\"\n";
			showEnvVarsInLog = 0;
		};
		70C42D0849BA89C7A9328F01 /* [CP] Check Pods Manifest.lock */ = {
			isa = PBXShellScriptBuildPhase;
			buildActionMask = 2147483647;
			files = (
			);
			inputPaths = (
			);
			name = "[CP] Check Pods Manifest.lock";
			outputPaths = (
			);
			runOnlyForDeploymentPostprocessing = 0;
			shellPath = /bin/sh;
			shellScript = "diff \"${PODS_PODFILE_DIR_PATH}/Podfile.lock\" \"${PODS_ROOT}/Manifest.lock\" > /dev/null\nif [ $? != 0 ] ; then\n    # print error to STDERR\n    echo \"error: The sandbox is not in sync with the Podfile.lock. Run 'pod install' or update your CocoaPods installation.\" >&2\n    exit 1\nfi\n";
			showEnvVarsInLog = 0;
		};
		779050021D1D133EBCD79BEB /* [CP] Copy Pods Resources */ = {
			isa = PBXShellScriptBuildPhase;
			buildActionMask = 2147483647;
			files = (
			);
			inputPaths = (
			);
			name = "[CP] Copy Pods Resources";
			outputPaths = (
			);
			runOnlyForDeploymentPostprocessing = 0;
			shellPath = /bin/sh;
			shellScript = "\"${SRCROOT}/Pods/Target Support Files/Pods-Desafio-Concrete-iOS/Pods-Desafio-Concrete-iOS-resources.sh\"\n";
			showEnvVarsInLog = 0;
		};
/* End PBXShellScriptBuildPhase section */

/* Begin PBXSourcesBuildPhase section */
		50F39A2F200EA8BF00C3A62F /* Sources */ = {
			isa = PBXSourcesBuildPhase;
			buildActionMask = 2147483647;
			files = (
				50F39A73200EECF000C3A62F /* RepositoriesViewController.swift in Sources */,
				50F39A37200EA8BF00C3A62F /* AppDelegate.swift in Sources */,
				50F39A7B200FA54F00C3A62F /* ApiUrl.swift in Sources */,
				50F39A79200F00CB00C3A62F /* RoundedImage.swift in Sources */,
				50F39A77200EFDC300C3A62F /* PullRequestsViewController.swift in Sources */,
				50F39A75200EEEED00C3A62F /* RepositorieCell.swift in Sources */,
			);
			runOnlyForDeploymentPostprocessing = 0;
		};
/* End PBXSourcesBuildPhase section */

/* Begin PBXVariantGroup section */
		50F39A3A200EA8BF00C3A62F /* Main.storyboard */ = {
			isa = PBXVariantGroup;
			children = (
				50F39A3B200EA8BF00C3A62F /* Base */,
			);
			name = Main.storyboard;
			sourceTree = "<group>";
		};
		50F39A3F200EA8BF00C3A62F /* LaunchScreen.storyboard */ = {
			isa = PBXVariantGroup;
			children = (
				50F39A40200EA8BF00C3A62F /* Base */,
			);
			name = LaunchScreen.storyboard;
			sourceTree = "<group>";
		};
/* End PBXVariantGroup section */

/* Begin XCBuildConfiguration section */
		50F39A43200EA8C000C3A62F /* Debug */ = {
			isa = XCBuildConfiguration;
			buildSettings = {
				ALWAYS_SEARCH_USER_PATHS = NO;
				CLANG_ANALYZER_NONNULL = YES;
				CLANG_ANALYZER_NUMBER_OBJECT_CONVERSION = YES_AGGRESSIVE;
				CLANG_CXX_LANGUAGE_STANDARD = "gnu++14";
				CLANG_CXX_LIBRARY = "libc++";
				CLANG_ENABLE_MODULES = YES;
				CLANG_ENABLE_OBJC_ARC = YES;
				CLANG_WARN_BLOCK_CAPTURE_AUTORELEASING = YES;
				CLANG_WARN_BOOL_CONVERSION = YES;
				CLANG_WARN_COMMA = YES;
				CLANG_WARN_CONSTANT_CONVERSION = YES;
				CLANG_WARN_DIRECT_OBJC_ISA_USAGE = YES_ERROR;
				CLANG_WARN_DOCUMENTATION_COMMENTS = YES;
				CLANG_WARN_EMPTY_BODY = YES;
				CLANG_WARN_ENUM_CONVERSION = YES;
				CLANG_WARN_INFINITE_RECURSION = YES;
				CLANG_WARN_INT_CONVERSION = YES;
				CLANG_WARN_NON_LITERAL_NULL_CONVERSION = YES;
				CLANG_WARN_OBJC_LITERAL_CONVERSION = YES;
				CLANG_WARN_OBJC_ROOT_CLASS = YES_ERROR;
				CLANG_WARN_RANGE_LOOP_ANALYSIS = YES;
				CLANG_WARN_STRICT_PROTOTYPES = YES;
				CLANG_WARN_SUSPICIOUS_MOVE = YES;
				CLANG_WARN_UNGUARDED_AVAILABILITY = YES_AGGRESSIVE;
				CLANG_WARN_UNREACHABLE_CODE = YES;
				CLANG_WARN__DUPLICATE_METHOD_MATCH = YES;
				CODE_SIGN_IDENTITY = "iPhone Developer";
				COPY_PHASE_STRIP = NO;
				DEBUG_INFORMATION_FORMAT = dwarf;
				ENABLE_STRICT_OBJC_MSGSEND = YES;
				ENABLE_TESTABILITY = YES;
				GCC_C_LANGUAGE_STANDARD = gnu11;
				GCC_DYNAMIC_NO_PIC = NO;
				GCC_NO_COMMON_BLOCKS = YES;
				GCC_OPTIMIZATION_LEVEL = 0;
				GCC_PREPROCESSOR_DEFINITIONS = (
					"DEBUG=1",
					"$(inherited)",
				);
				GCC_WARN_64_TO_32_BIT_CONVERSION = YES;
				GCC_WARN_ABOUT_RETURN_TYPE = YES_ERROR;
				GCC_WARN_UNDECLARED_SELECTOR = YES;
				GCC_WARN_UNINITIALIZED_AUTOS = YES_AGGRESSIVE;
				GCC_WARN_UNUSED_FUNCTION = YES;
				GCC_WARN_UNUSED_VARIABLE = YES;
				IPHONEOS_DEPLOYMENT_TARGET = 11.2;
				MTL_ENABLE_DEBUG_INFO = YES;
				ONLY_ACTIVE_ARCH = YES;
				SDKROOT = iphoneos;
				SWIFT_ACTIVE_COMPILATION_CONDITIONS = DEBUG;
				SWIFT_OPTIMIZATION_LEVEL = "-Onone";
			};
			name = Debug;
		};
		50F39A44200EA8C000C3A62F /* Release */ = {
			isa = XCBuildConfiguration;
			buildSettings = {
				ALWAYS_SEARCH_USER_PATHS = NO;
				CLANG_ANALYZER_NONNULL = YES;
				CLANG_ANALYZER_NUMBER_OBJECT_CONVERSION = YES_AGGRESSIVE;
				CLANG_CXX_LANGUAGE_STANDARD = "gnu++14";
				CLANG_CXX_LIBRARY = "libc++";
				CLANG_ENABLE_MODULES = YES;
				CLANG_ENABLE_OBJC_ARC = YES;
				CLANG_WARN_BLOCK_CAPTURE_AUTORELEASING = YES;
				CLANG_WARN_BOOL_CONVERSION = YES;
				CLANG_WARN_COMMA = YES;
				CLANG_WARN_CONSTANT_CONVERSION = YES;
				CLANG_WARN_DIRECT_OBJC_ISA_USAGE = YES_ERROR;
				CLANG_WARN_DOCUMENTATION_COMMENTS = YES;
				CLANG_WARN_EMPTY_BODY = YES;
				CLANG_WARN_ENUM_CONVERSION = YES;
				CLANG_WARN_INFINITE_RECURSION = YES;
				CLANG_WARN_INT_CONVERSION = YES;
				CLANG_WARN_NON_LITERAL_NULL_CONVERSION = YES;
				CLANG_WARN_OBJC_LITERAL_CONVERSION = YES;
				CLANG_WARN_OBJC_ROOT_CLASS = YES_ERROR;
				CLANG_WARN_RANGE_LOOP_ANALYSIS = YES;
				CLANG_WARN_STRICT_PROTOTYPES = YES;
				CLANG_WARN_SUSPICIOUS_MOVE = YES;
				CLANG_WARN_UNGUARDED_AVAILABILITY = YES_AGGRESSIVE;
				CLANG_WARN_UNREACHABLE_CODE = YES;
				CLANG_WARN__DUPLICATE_METHOD_MATCH = YES;
				CODE_SIGN_IDENTITY = "iPhone Developer";
				COPY_PHASE_STRIP = NO;
				DEBUG_INFORMATION_FORMAT = "dwarf-with-dsym";
				ENABLE_NS_ASSERTIONS = NO;
				ENABLE_STRICT_OBJC_MSGSEND = YES;
				GCC_C_LANGUAGE_STANDARD = gnu11;
				GCC_NO_COMMON_BLOCKS = YES;
				GCC_WARN_64_TO_32_BIT_CONVERSION = YES;
				GCC_WARN_ABOUT_RETURN_TYPE = YES_ERROR;
				GCC_WARN_UNDECLARED_SELECTOR = YES;
				GCC_WARN_UNINITIALIZED_AUTOS = YES_AGGRESSIVE;
				GCC_WARN_UNUSED_FUNCTION = YES;
				GCC_WARN_UNUSED_VARIABLE = YES;
				IPHONEOS_DEPLOYMENT_TARGET = 11.2;
				MTL_ENABLE_DEBUG_INFO = NO;
				SDKROOT = iphoneos;
				SWIFT_OPTIMIZATION_LEVEL = "-Owholemodule";
				VALIDATE_PRODUCT = YES;
			};
			name = Release;
		};
		50F39A46200EA8C000C3A62F /* Debug */ = {
			isa = XCBuildConfiguration;
			baseConfigurationReference = 826B8CC6FF8B6943B19B8E24 /* Pods-Desafio-Concrete-iOS.debug.xcconfig */;
			buildSettings = {
				ASSETCATALOG_COMPILER_APPICON_NAME = AppIcon;
				CODE_SIGN_STYLE = Automatic;
				DEVELOPMENT_TEAM = TK5Y26D53T;
				INFOPLIST_FILE = "Desafio-Concrete-iOS/Info.plist";
				IPHONEOS_DEPLOYMENT_TARGET = 9.0;
				LD_RUNPATH_SEARCH_PATHS = "$(inherited) @executable_path/Frameworks";
				PRODUCT_BUNDLE_IDENTIFIER = "EvertonCarneiro.Desafio-Concrete-iOS";
				PRODUCT_NAME = "$(TARGET_NAME)";
				SWIFT_VERSION = 4.0;
				TARGETED_DEVICE_FAMILY = "1,2";
			};
			name = Debug;
		};
		50F39A47200EA8C000C3A62F /* Release */ = {
			isa = XCBuildConfiguration;
			baseConfigurationReference = 6A689B056B232C25879A49C4 /* Pods-Desafio-Concrete-iOS.release.xcconfig */;
			buildSettings = {
				ASSETCATALOG_COMPILER_APPICON_NAME = AppIcon;
				CODE_SIGN_STYLE = Automatic;
				DEVELOPMENT_TEAM = TK5Y26D53T;
				INFOPLIST_FILE = "Desafio-Concrete-iOS/Info.plist";
				IPHONEOS_DEPLOYMENT_TARGET = 9.0;
				LD_RUNPATH_SEARCH_PATHS = "$(inherited) @executable_path/Frameworks";
				PRODUCT_BUNDLE_IDENTIFIER = "EvertonCarneiro.Desafio-Concrete-iOS";
				PRODUCT_NAME = "$(TARGET_NAME)";
				SWIFT_VERSION = 4.0;
				TARGETED_DEVICE_FAMILY = "1,2";
			};
			name = Release;
		};
/* End XCBuildConfiguration section */

/* Begin XCConfigurationList section */
		50F39A2E200EA8BF00C3A62F /* Build configuration list for PBXProject "Desafio-Concrete-iOS" */ = {
			isa = XCConfigurationList;
			buildConfigurations = (
				50F39A43200EA8C000C3A62F /* Debug */,
				50F39A44200EA8C000C3A62F /* Release */,
			);
			defaultConfigurationIsVisible = 0;
			defaultConfigurationName = Release;
		};
		50F39A45200EA8C000C3A62F /* Build configuration list for PBXNativeTarget "Desafio-Concrete-iOS" */ = {
			isa = XCConfigurationList;
			buildConfigurations = (
				50F39A46200EA8C000C3A62F /* Debug */,
				50F39A47200EA8C000C3A62F /* Release */,
			);
			defaultConfigurationIsVisible = 0;
			defaultConfigurationName = Release;
		};
/* End XCConfigurationList section */
	};
	rootObject = 50F39A2B200EA8BF00C3A62F /* Project object */;
}
